
Microsoft Visual Studio Solution File, Format Version 12.00
# Visual Studio Version 17
VisualStudioVersion = 17.14.36221.1
MinimumVisualStudioVersion = 10.0.40219.1
Project("{FAE04EC0-301F-11D3-BF4B-00C04F79EFBC}") = "wash-back", "wash-back\wash-back.csproj", "{AA07D398-2B21-4D58-8E83-DBDF98CA8B96}"
EndProject
Project("{FAE04EC0-301F-11D3-BF4B-00C04F79EFBC}") = "data", "data\data.csproj", "{BFA63703-8D6A-412C-A36E-48D8C99EDD4F}"
EndProject
Project("{FAE04EC0-301F-11D3-BF4B-00C04F79EFBC}") = "core", "core\core.csproj", "{68A130D7-F7FD-4797-A353-F41EFFE7B11D}"
EndProject
Project("{FAE04EC0-301F-11D3-BF4B-00C04F79EFBC}") = "DTOs", "DTOs\DTOs.csproj", "{F8E7C711-E4D6-4C8F-A46C-B3396D0934E3}"
EndProject
Global
	GlobalSection(SolutionConfigurationPlatforms) = preSolution
		Debug|Any CPU = Debug|Any CPU
		Release|Any CPU = Release|Any CPU
	EndGlobalSection
	GlobalSection(ProjectConfigurationPlatforms) = postSolution
		{AA07D398-2B21-4D58-8E83-DBDF98CA8B96}.Debug|Any CPU.ActiveCfg = Debug|Any CPU
		{AA07D398-2B21-4D58-8E83-DBDF98CA8B96}.Debug|Any CPU.Build.0 = Debug|Any CPU
		{AA07D398-2B21-4D58-8E83-DBDF98CA8B96}.Release|Any CPU.ActiveCfg = Release|Any CPU
		{AA07D398-2B21-4D58-8E83-DBDF98CA8B96}.Release|Any CPU.Build.0 = Release|Any CPU
		{BFA63703-8D6A-412C-A36E-48D8C99EDD4F}.Debug|Any CPU.ActiveCfg = Debug|Any CPU
		{BFA63703-8D6A-412C-A36E-48D8C99EDD4F}.Debug|Any CPU.Build.0 = Debug|Any CPU
		{BFA63703-8D6A-412C-A36E-48D8C99EDD4F}.Release|Any CPU.ActiveCfg = Release|Any CPU
		{BFA63703-8D6A-412C-A36E-48D8C99EDD4F}.Release|Any CPU.Build.0 = Release|Any CPU
		{68A130D7-F7FD-4797-A353-F41EFFE7B11D}.Debug|Any CPU.ActiveCfg = Debug|Any CPU
		{68A130D7-F7FD-4797-A353-F41EFFE7B11D}.Debug|Any CPU.Build.0 = Debug|Any CPU
		{68A130D7-F7FD-4797-A353-F41EFFE7B11D}.Release|Any CPU.ActiveCfg = Release|Any CPU
		{68A130D7-F7FD-4797-A353-F41EFFE7B11D}.Release|Any CPU.Build.0 = Release|Any CPU
		{F8E7C711-E4D6-4C8F-A46C-B3396D0934E3}.Debug|Any CPU.ActiveCfg = Debug|Any CPU
		{F8E7C711-E4D6-4C8F-A46C-B3396D0934E3}.Debug|Any CPU.Build.0 = Debug|Any CPU
		{F8E7C711-E4D6-4C8F-A46C-B3396D0934E3}.Release|Any CPU.ActiveCfg = Release|Any CPU
		{F8E7C711-E4D6-4C8F-A46C-B3396D0934E3}.Release|Any CPU.Build.0 = Release|Any CPU
	EndGlobalSection
	GlobalSection(SolutionProperties) = preSolution
		HideSolutionNode = FALSE
	EndGlobalSection
	GlobalSection(ExtensibilityGlobals) = postSolution
		SolutionGuid = {F6FBDC30-F354-41CC-88A0-AA9FDE2CFC22}
	EndGlobalSection
EndGlobal
